
Microsoft Visual Studio Solution File, Format Version 12.00
# Visual Studio Version 17
VisualStudioVersion = 17.0.31912.275
MinimumVisualStudioVersion = 10.0.40219.1
Project("{FAE04EC0-301F-11D3-BF4B-00C04F79EFBC}") = "MyContactList", "MyContactList\MyContactList.csproj", "{931B435C-8BBA-4C8B-95AA-8B13A77AFDF4}"
EndProject
Project("{FAE04EC0-301F-11D3-BF4B-00C04F79EFBC}") = "DataAccess", "DataAccess\DataAccess.csproj", "{674462E0-8E2F-4D1F-960B-21444F8D3727}"
EndProject
Global
	GlobalSection(SolutionConfigurationPlatforms) = preSolution
		Debug|Any CPU = Debug|Any CPU
		Release|Any CPU = Release|Any CPU
	EndGlobalSection
	GlobalSection(ProjectConfigurationPlatforms) = postSolution
		{931B435C-8BBA-4C8B-95AA-8B13A77AFDF4}.Debug|Any CPU.ActiveCfg = Debug|Any CPU
		{931B435C-8BBA-4C8B-95AA-8B13A77AFDF4}.Debug|Any CPU.Build.0 = Debug|Any CPU
		{931B435C-8BBA-4C8B-95AA-8B13A77AFDF4}.Release|Any CPU.ActiveCfg = Release|Any CPU
		{931B435C-8BBA-4C8B-95AA-8B13A77AFDF4}.Release|Any CPU.Build.0 = Release|Any CPU
		{674462E0-8E2F-4D1F-960B-21444F8D3727}.Debug|Any CPU.ActiveCfg = Debug|Any CPU
		{674462E0-8E2F-4D1F-960B-21444F8D3727}.Debug|Any CPU.Build.0 = Debug|Any CPU
		{674462E0-8E2F-4D1F-960B-21444F8D3727}.Release|Any CPU.ActiveCfg = Release|Any CPU
		{674462E0-8E2F-4D1F-960B-21444F8D3727}.Release|Any CPU.Build.0 = Release|Any CPU
	EndGlobalSection
	GlobalSection(SolutionProperties) = preSolution
		HideSolutionNode = FALSE
	EndGlobalSection
	GlobalSection(ExtensibilityGlobals) = postSolution
		SolutionGuid = {5C3C48CD-C015-46A3-93F8-CA62CE41E7AE}
	EndGlobalSection
EndGlobal
